// !$*UTF8*$!
{
	archiveVersion = 1;
	classes = {
	};
	objectVersion = 51;
	objects = {

/* Begin PBXBuildFile section */
		0A95535F400B6E69DDC586E5 /* Pods_FBLASuperManagerTests.framework in Frameworks */ = {isa = PBXBuildFile; fileRef = C46138E2EA2D53ED7219570F /* Pods_FBLASuperManagerTests.framework */; };
		4AA8D57F23E8F3B00095CA6B /* AppDelegate.swift in Sources */ = {isa = PBXBuildFile; fileRef = 4AA8D57E23E8F3B00095CA6B /* AppDelegate.swift */; };
		4AA8D58123E8F3B00095CA6B /* SceneDelegate.swift in Sources */ = {isa = PBXBuildFile; fileRef = 4AA8D58023E8F3B00095CA6B /* SceneDelegate.swift */; };
		4AA8D58323E8F3B00095CA6B /* ViewController.swift in Sources */ = {isa = PBXBuildFile; fileRef = 4AA8D58223E8F3B00095CA6B /* ViewController.swift */; };
		4AA8D58623E8F3B00095CA6B /* Main.storyboard in Resources */ = {isa = PBXBuildFile; fileRef = 4AA8D58423E8F3B00095CA6B /* Main.storyboard */; };
		4AA8D58823E8F3B20095CA6B /* Assets.xcassets in Resources */ = {isa = PBXBuildFile; fileRef = 4AA8D58723E8F3B20095CA6B /* Assets.xcassets */; };
		4AA8D58B23E8F3B20095CA6B /* LaunchScreen.storyboard in Resources */ = {isa = PBXBuildFile; fileRef = 4AA8D58923E8F3B20095CA6B /* LaunchScreen.storyboard */; };
		4AA8D59623E8F3B20095CA6B /* FBLASuperManagerTests.swift in Sources */ = {isa = PBXBuildFile; fileRef = 4AA8D59523E8F3B20095CA6B /* FBLASuperManagerTests.swift */; };
		4AA8D5A123E8F3B20095CA6B /* FBLASuperManagerUITests.swift in Sources */ = {isa = PBXBuildFile; fileRef = 4AA8D5A023E8F3B20095CA6B /* FBLASuperManagerUITests.swift */; };
		4AA8D5AF23E8F4A70095CA6B /* GoogleService-Info.plist in Resources */ = {isa = PBXBuildFile; fileRef = 4AA8D5AE23E8F4A70095CA6B /* GoogleService-Info.plist */; };
		8B109B0B3D32A1AA248EDBA8 /* Pods_FBLASuperManager.framework in Frameworks */ = {isa = PBXBuildFile; fileRef = 662930CA5CD69F3DF45DCBDB /* Pods_FBLASuperManager.framework */; };
		B69941FBE53511D399120B37 /* Pods_FBLASuperManagerUITests.framework in Frameworks */ = {isa = PBXBuildFile; fileRef = 6798731BE248F6BDE78125C0 /* Pods_FBLASuperManagerUITests.framework */; };
/* End PBXBuildFile section */

/* Begin PBXContainerItemProxy section */
		4AA8D59223E8F3B20095CA6B /* PBXContainerItemProxy */ = {
			isa = PBXContainerItemProxy;
			containerPortal = 4AA8D57323E8F3B00095CA6B /* Project object */;
			proxyType = 1;
			remoteGlobalIDString = 4AA8D57A23E8F3B00095CA6B;
			remoteInfo = FBLASuperManager;
		};
		4AA8D59D23E8F3B20095CA6B /* PBXContainerItemProxy */ = {
			isa = PBXContainerItemProxy;
			containerPortal = 4AA8D57323E8F3B00095CA6B /* Project object */;
			proxyType = 1;
			remoteGlobalIDString = 4AA8D57A23E8F3B00095CA6B;
			remoteInfo = FBLASuperManager;
		};
/* End PBXContainerItemProxy section */

/* Begin PBXFileReference section */
		14489ABEEA36C6968749C80A /* Pods-FBLASuperManagerTests.debug.xcconfig */ = {isa = PBXFileReference; includeInIndex = 1; lastKnownFileType = text.xcconfig; name = "Pods-FBLASuperManagerTests.debug.xcconfig"; path = "Target Support Files/Pods-FBLASuperManagerTests/Pods-FBLASuperManagerTests.debug.xcconfig"; sourceTree = "<group>"; };
		1A05228516DF951A62574597 /* Pods-FBLASuperManagerTests.release.xcconfig */ = {isa = PBXFileReference; includeInIndex = 1; lastKnownFileType = text.xcconfig; name = "Pods-FBLASuperManagerTests.release.xcconfig"; path = "Target Support Files/Pods-FBLASuperManagerTests/Pods-FBLASuperManagerTests.release.xcconfig"; sourceTree = "<group>"; };
		4AA8D57B23E8F3B00095CA6B /* FBLASuperManager.app */ = {isa = PBXFileReference; explicitFileType = wrapper.application; includeInIndex = 0; path = FBLASuperManager.app; sourceTree = BUILT_PRODUCTS_DIR; };
		4AA8D57E23E8F3B00095CA6B /* AppDelegate.swift */ = {isa = PBXFileReference; lastKnownFileType = sourcecode.swift; path = AppDelegate.swift; sourceTree = "<group>"; };
		4AA8D58023E8F3B00095CA6B /* SceneDelegate.swift */ = {isa = PBXFileReference; lastKnownFileType = sourcecode.swift; path = SceneDelegate.swift; sourceTree = "<group>"; };
		4AA8D58223E8F3B00095CA6B /* ViewController.swift */ = {isa = PBXFileReference; lastKnownFileType = sourcecode.swift; path = ViewController.swift; sourceTree = "<group>"; };
		4AA8D58523E8F3B00095CA6B /* Base */ = {isa = PBXFileReference; lastKnownFileType = file.storyboard; name = Base; path = Base.lproj/Main.storyboard; sourceTree = "<group>"; };
		4AA8D58723E8F3B20095CA6B /* Assets.xcassets */ = {isa = PBXFileReference; lastKnownFileType = folder.assetcatalog; path = Assets.xcassets; sourceTree = "<group>"; };
		4AA8D58A23E8F3B20095CA6B /* Base */ = {isa = PBXFileReference; lastKnownFileType = file.storyboard; name = Base; path = Base.lproj/LaunchScreen.storyboard; sourceTree = "<group>"; };
		4AA8D58C23E8F3B20095CA6B /* Info.plist */ = {isa = PBXFileReference; lastKnownFileType = text.plist.xml; path = Info.plist; sourceTree = "<group>"; };
		4AA8D59123E8F3B20095CA6B /* FBLASuperManagerTests.xctest */ = {isa = PBXFileReference; explicitFileType = wrapper.cfbundle; includeInIndex = 0; path = FBLASuperManagerTests.xctest; sourceTree = BUILT_PRODUCTS_DIR; };
		4AA8D59523E8F3B20095CA6B /* FBLASuperManagerTests.swift */ = {isa = PBXFileReference; lastKnownFileType = sourcecode.swift; path = FBLASuperManagerTests.swift; sourceTree = "<group>"; };
		4AA8D59723E8F3B20095CA6B /* Info.plist */ = {isa = PBXFileReference; lastKnownFileType = text.plist.xml; path = Info.plist; sourceTree = "<group>"; };
		4AA8D59C23E8F3B20095CA6B /* FBLASuperManagerUITests.xctest */ = {isa = PBXFileReference; explicitFileType = wrapper.cfbundle; includeInIndex = 0; path = FBLASuperManagerUITests.xctest; sourceTree = BUILT_PRODUCTS_DIR; };
		4AA8D5A023E8F3B20095CA6B /* FBLASuperManagerUITests.swift */ = {isa = PBXFileReference; lastKnownFileType = sourcecode.swift; path = FBLASuperManagerUITests.swift; sourceTree = "<group>"; };
		4AA8D5A223E8F3B30095CA6B /* Info.plist */ = {isa = PBXFileReference; lastKnownFileType = text.plist.xml; path = Info.plist; sourceTree = "<group>"; };
		4AA8D5AE23E8F4A70095CA6B /* GoogleService-Info.plist */ = {isa = PBXFileReference; fileEncoding = 4; lastKnownFileType = text.plist.xml; path = "GoogleService-Info.plist"; sourceTree = "<group>"; };
		662930CA5CD69F3DF45DCBDB /* Pods_FBLASuperManager.framework */ = {isa = PBXFileReference; explicitFileType = wrapper.framework; includeInIndex = 0; path = Pods_FBLASuperManager.framework; sourceTree = BUILT_PRODUCTS_DIR; };
		6798731BE248F6BDE78125C0 /* Pods_FBLASuperManagerUITests.framework */ = {isa = PBXFileReference; explicitFileType = wrapper.framework; includeInIndex = 0; path = Pods_FBLASuperManagerUITests.framework; sourceTree = BUILT_PRODUCTS_DIR; };
		7DC0DF32AB7E75B6C8FD413E /* Pods-FBLASuperManager.debug.xcconfig */ = {isa = PBXFileReference; includeInIndex = 1; lastKnownFileType = text.xcconfig; name = "Pods-FBLASuperManager.debug.xcconfig"; path = "Target Support Files/Pods-FBLASuperManager/Pods-FBLASuperManager.debug.xcconfig"; sourceTree = "<group>"; };
		92AD059C1D69E499EC6931D7 /* Pods-FBLASuperManagerUITests.debug.xcconfig */ = {isa = PBXFileReference; includeInIndex = 1; lastKnownFileType = text.xcconfig; name = "Pods-FBLASuperManagerUITests.debug.xcconfig"; path = "Target Support Files/Pods-FBLASuperManagerUITests/Pods-FBLASuperManagerUITests.debug.xcconfig"; sourceTree = "<group>"; };
		C46138E2EA2D53ED7219570F /* Pods_FBLASuperManagerTests.framework */ = {isa = PBXFileReference; explicitFileType = wrapper.framework; includeInIndex = 0; path = Pods_FBLASuperManagerTests.framework; sourceTree = BUILT_PRODUCTS_DIR; };
		ECFCDCE92036181D1B36EF37 /* Pods-FBLASuperManager.release.xcconfig */ = {isa = PBXFileReference; includeInIndex = 1; lastKnownFileType = text.xcconfig; name = "Pods-FBLASuperManager.release.xcconfig"; path = "Target Support Files/Pods-FBLASuperManager/Pods-FBLASuperManager.release.xcconfig"; sourceTree = "<group>"; };
		FB3B9EABD0300A2832DF5FF4 /* Pods-FBLASuperManagerUITests.release.xcconfig */ = {isa = PBXFileReference; includeInIndex = 1; lastKnownFileType = text.xcconfig; name = "Pods-FBLASuperManagerUITests.release.xcconfig"; path = "Target Support Files/Pods-FBLASuperManagerUITests/Pods-FBLASuperManagerUITests.release.xcconfig"; sourceTree = "<group>"; };
/* End PBXFileReference section */

/* Begin PBXFrameworksBuildPhase section */
		4AA8D57823E8F3B00095CA6B /* Frameworks */ = {
			isa = PBXFrameworksBuildPhase;
			buildActionMask = 2147483647;
			files = (
				8B109B0B3D32A1AA248EDBA8 /* Pods_FBLASuperManager.framework in Frameworks */,
			);
			runOnlyForDeploymentPostprocessing = 0;
		};
		4AA8D58E23E8F3B20095CA6B /* Frameworks */ = {
			isa = PBXFrameworksBuildPhase;
			buildActionMask = 2147483647;
			files = (
				0A95535F400B6E69DDC586E5 /* Pods_FBLASuperManagerTests.framework in Frameworks */,
			);
			runOnlyForDeploymentPostprocessing = 0;
		};
		4AA8D59923E8F3B20095CA6B /* Frameworks */ = {
			isa = PBXFrameworksBuildPhase;
			buildActionMask = 2147483647;
			files = (
				B69941FBE53511D399120B37 /* Pods_FBLASuperManagerUITests.framework in Frameworks */,
			);
			runOnlyForDeploymentPostprocessing = 0;
		};
/* End PBXFrameworksBuildPhase section */

/* Begin PBXGroup section */
		4AA8D57223E8F3B00095CA6B = {
			isa = PBXGroup;
			children = (
				4AA8D57D23E8F3B00095CA6B /* FBLASuperManager */,
				4AA8D59423E8F3B20095CA6B /* FBLASuperManagerTests */,
				4AA8D59F23E8F3B20095CA6B /* FBLASuperManagerUITests */,
				4AA8D57C23E8F3B00095CA6B /* Products */,
				F5C318C8AFB7193F18204C29 /* Pods */,
				EB8CA5C21DCC96501F0C65B5 /* Frameworks */,
			);
			sourceTree = "<group>";
		};
		4AA8D57C23E8F3B00095CA6B /* Products */ = {
			isa = PBXGroup;
			children = (
				4AA8D57B23E8F3B00095CA6B /* FBLASuperManager.app */,
				4AA8D59123E8F3B20095CA6B /* FBLASuperManagerTests.xctest */,
				4AA8D59C23E8F3B20095CA6B /* FBLASuperManagerUITests.xctest */,
			);
			name = Products;
			sourceTree = "<group>";
		};
		4AA8D57D23E8F3B00095CA6B /* FBLASuperManager */ = {
			isa = PBXGroup;
			children = (
				4AA8D57E23E8F3B00095CA6B /* AppDelegate.swift */,
				4AA8D58023E8F3B00095CA6B /* SceneDelegate.swift */,
				4AA8D58223E8F3B00095CA6B /* ViewController.swift */,
				4AA8D58423E8F3B00095CA6B /* Main.storyboard */,
				4AA8D58723E8F3B20095CA6B /* Assets.xcassets */,
				4AA8D58923E8F3B20095CA6B /* LaunchScreen.storyboard */,
				4AA8D58C23E8F3B20095CA6B /* Info.plist */,
				4AA8D5AE23E8F4A70095CA6B /* GoogleService-Info.plist */,
			);
			path = FBLASuperManager;
			sourceTree = "<group>";
		};
		4AA8D59423E8F3B20095CA6B /* FBLASuperManagerTests */ = {
			isa = PBXGroup;
			children = (
				4AA8D59523E8F3B20095CA6B /* FBLASuperManagerTests.swift */,
				4AA8D59723E8F3B20095CA6B /* Info.plist */,
			);
			path = FBLASuperManagerTests;
			sourceTree = "<group>";
		};
		4AA8D59F23E8F3B20095CA6B /* FBLASuperManagerUITests */ = {
			isa = PBXGroup;
			children = (
				4AA8D5A023E8F3B20095CA6B /* FBLASuperManagerUITests.swift */,
				4AA8D5A223E8F3B30095CA6B /* Info.plist */,
			);
			path = FBLASuperManagerUITests;
			sourceTree = "<group>";
		};
		EB8CA5C21DCC96501F0C65B5 /* Frameworks */ = {
			isa = PBXGroup;
			children = (
				662930CA5CD69F3DF45DCBDB /* Pods_FBLASuperManager.framework */,
				C46138E2EA2D53ED7219570F /* Pods_FBLASuperManagerTests.framework */,
				6798731BE248F6BDE78125C0 /* Pods_FBLASuperManagerUITests.framework */,
			);
			name = Frameworks;
			sourceTree = "<group>";
		};
		F5C318C8AFB7193F18204C29 /* Pods */ = {
			isa = PBXGroup;
			children = (
				7DC0DF32AB7E75B6C8FD413E /* Pods-FBLASuperManager.debug.xcconfig */,
				ECFCDCE92036181D1B36EF37 /* Pods-FBLASuperManager.release.xcconfig */,
				14489ABEEA36C6968749C80A /* Pods-FBLASuperManagerTests.debug.xcconfig */,
				1A05228516DF951A62574597 /* Pods-FBLASuperManagerTests.release.xcconfig */,
				92AD059C1D69E499EC6931D7 /* Pods-FBLASuperManagerUITests.debug.xcconfig */,
				FB3B9EABD0300A2832DF5FF4 /* Pods-FBLASuperManagerUITests.release.xcconfig */,
			);
			path = Pods;
			sourceTree = "<group>";
		};
/* End PBXGroup section */

/* Begin PBXNativeTarget section */
		4AA8D57A23E8F3B00095CA6B /* FBLASuperManager */ = {
			isa = PBXNativeTarget;
			buildConfigurationList = 4AA8D5A523E8F3B30095CA6B /* Build configuration list for PBXNativeTarget "FBLASuperManager" */;
			buildPhases = (
				B0CF3E32AD47E5B21A37AD09 /* [CP] Check Pods Manifest.lock */,
				4AA8D57723E8F3B00095CA6B /* Sources */,
				4AA8D57823E8F3B00095CA6B /* Frameworks */,
				4AA8D57923E8F3B00095CA6B /* Resources */,
				EEAA97BD3A79AFA02D67D18F /* [CP] Embed Pods Frameworks */,
			);
			buildRules = (
			);
			dependencies = (
			);
			name = FBLASuperManager;
			productName = FBLASuperManager;
			productReference = 4AA8D57B23E8F3B00095CA6B /* FBLASuperManager.app */;
			productType = "com.apple.product-type.application";
		};
		4AA8D59023E8F3B20095CA6B /* FBLASuperManagerTests */ = {
			isa = PBXNativeTarget;
			buildConfigurationList = 4AA8D5A823E8F3B30095CA6B /* Build configuration list for PBXNativeTarget "FBLASuperManagerTests" */;
			buildPhases = (
				531187A6DB4F823668DAD110 /* [CP] Check Pods Manifest.lock */,
				4AA8D58D23E8F3B20095CA6B /* Sources */,
				4AA8D58E23E8F3B20095CA6B /* Frameworks */,
				4AA8D58F23E8F3B20095CA6B /* Resources */,
			);
			buildRules = (
			);
			dependencies = (
				4AA8D59323E8F3B20095CA6B /* PBXTargetDependency */,
			);
			name = FBLASuperManagerTests;
			productName = FBLASuperManagerTests;
			productReference = 4AA8D59123E8F3B20095CA6B /* FBLASuperManagerTests.xctest */;
			productType = "com.apple.product-type.bundle.unit-test";
		};
		4AA8D59B23E8F3B20095CA6B /* FBLASuperManagerUITests */ = {
			isa = PBXNativeTarget;
			buildConfigurationList = 4AA8D5AB23E8F3B30095CA6B /* Build configuration list for PBXNativeTarget "FBLASuperManagerUITests" */;
			buildPhases = (
				EA272E6A0C2A0ACC94B159A8 /* [CP] Check Pods Manifest.lock */,
				4AA8D59823E8F3B20095CA6B /* Sources */,
				4AA8D59923E8F3B20095CA6B /* Frameworks */,
				4AA8D59A23E8F3B20095CA6B /* Resources */,
			);
			buildRules = (
			);
			dependencies = (
				4AA8D59E23E8F3B20095CA6B /* PBXTargetDependency */,
			);
			name = FBLASuperManagerUITests;
			productName = FBLASuperManagerUITests;
			productReference = 4AA8D59C23E8F3B20095CA6B /* FBLASuperManagerUITests.xctest */;
			productType = "com.apple.product-type.bundle.ui-testing";
		};
/* End PBXNativeTarget section */

/* Begin PBXProject section */
		4AA8D57323E8F3B00095CA6B /* Project object */ = {
			isa = PBXProject;
			attributes = {
				LastSwiftUpdateCheck = 1130;
				LastUpgradeCheck = 1130;
				ORGANIZATIONNAME = "Megha Vemuri";
				TargetAttributes = {
					4AA8D57A23E8F3B00095CA6B = {
						CreatedOnToolsVersion = 11.3.1;
					};
					4AA8D59023E8F3B20095CA6B = {
						CreatedOnToolsVersion = 11.3.1;
						TestTargetID = 4AA8D57A23E8F3B00095CA6B;
					};
					4AA8D59B23E8F3B20095CA6B = {
						CreatedOnToolsVersion = 11.3.1;
						TestTargetID = 4AA8D57A23E8F3B00095CA6B;
					};
				};
			};
			buildConfigurationList = 4AA8D57623E8F3B00095CA6B /* Build configuration list for PBXProject "FBLASuperManager" */;
			compatibilityVersion = "Xcode 9.3";
			developmentRegion = en;
			hasScannedForEncodings = 0;
			knownRegions = (
				en,
				Base,
			);
			mainGroup = 4AA8D57223E8F3B00095CA6B;
			productRefGroup = 4AA8D57C23E8F3B00095CA6B /* Products */;
			projectDirPath = "";
			projectRoot = "";
			targets = (
				4AA8D57A23E8F3B00095CA6B /* FBLASuperManager */,
				4AA8D59023E8F3B20095CA6B /* FBLASuperManagerTests */,
				4AA8D59B23E8F3B20095CA6B /* FBLASuperManagerUITests */,
			);
		};
/* End PBXProject section */

/* Begin PBXResourcesBuildPhase section */
		4AA8D57923E8F3B00095CA6B /* Resources */ = {
			isa = PBXResourcesBuildPhase;
			buildActionMask = 2147483647;
			files = (
				4AA8D58B23E8F3B20095CA6B /* LaunchScreen.storyboard in Resources */,
				4AA8D5AF23E8F4A70095CA6B /* GoogleService-Info.plist in Resources */,
				4AA8D58823E8F3B20095CA6B /* Assets.xcassets in Resources */,
				4AA8D58623E8F3B00095CA6B /* Main.storyboard in Resources */,
			);
			runOnlyForDeploymentPostprocessing = 0;
		};
		4AA8D58F23E8F3B20095CA6B /* Resources */ = {
			isa = PBXResourcesBuildPhase;
			buildActionMask = 2147483647;
			files = (
			);
			runOnlyForDeploymentPostprocessing = 0;
		};
		4AA8D59A23E8F3B20095CA6B /* Resources */ = {
			isa = PBXResourcesBuildPhase;
			buildActionMask = 2147483647;
			files = (
			);
			runOnlyForDeploymentPostprocessing = 0;
		};
/* End PBXResourcesBuildPhase section */

/* Begin PBXShellScriptBuildPhase section */
		531187A6DB4F823668DAD110 /* [CP] Check Pods Manifest.lock */ = {
			isa = PBXShellScriptBuildPhase;
			buildActionMask = 2147483647;
			files = (
			);
			inputFileListPaths = (
			);
			inputPaths = (
				"${PODS_PODFILE_DIR_PATH}/Podfile.lock",
				"${PODS_ROOT}/Manifest.lock",
			);
			name = "[CP] Check Pods Manifest.lock";
			outputFileListPaths = (
			);
			outputPaths = (
				"$(DERIVED_FILE_DIR)/Pods-FBLASuperManagerTests-checkManifestLockResult.txt",
			);
			runOnlyForDeploymentPostprocessing = 0;
			shellPath = /bin/sh;
			shellScript = "diff \"${PODS_PODFILE_DIR_PATH}/Podfile.lock\" \"${PODS_ROOT}/Manifest.lock\" > /dev/null\nif [ $? != 0 ] ; then\n    # print error to STDERR\n    echo \"error: The sandbox is not in sync with the Podfile.lock. Run 'pod install' or update your CocoaPods installation.\" >&2\n    exit 1\nfi\n# This output is used by Xcode 'outputs' to avoid re-running this script phase.\necho \"SUCCESS\" > \"${SCRIPT_OUTPUT_FILE_0}\"\n";
			showEnvVarsInLog = 0;
		};
		B0CF3E32AD47E5B21A37AD09 /* [CP] Check Pods Manifest.lock */ = {
			isa = PBXShellScriptBuildPhase;
			buildActionMask = 2147483647;
			files = (
			);
			inputFileListPaths = (
			);
			inputPaths = (
				"${PODS_PODFILE_DIR_PATH}/Podfile.lock",
				"${PODS_ROOT}/Manifest.lock",
			);
			name = "[CP] Check Pods Manifest.lock";
			outputFileListPaths = (
			);
			outputPaths = (
				"$(DERIVED_FILE_DIR)/Pods-FBLASuperManager-checkManifestLockResult.txt",
			);
			runOnlyForDeploymentPostprocessing = 0;
			shellPath = /bin/sh;
			shellScript = "diff \"${PODS_PODFILE_DIR_PATH}/Podfile.lock\" \"${PODS_ROOT}/Manifest.lock\" > /dev/null\nif [ $? != 0 ] ; then\n    # print error to STDERR\n    echo \"error: The sandbox is not in sync with the Podfile.lock. Run 'pod install' or update your CocoaPods installation.\" >&2\n    exit 1\nfi\n# This output is used by Xcode 'outputs' to avoid re-running this script phase.\necho \"SUCCESS\" > \"${SCRIPT_OUTPUT_FILE_0}\"\n";
			showEnvVarsInLog = 0;
		};
		EA272E6A0C2A0ACC94B159A8 /* [CP] Check Pods Manifest.lock */ = {
			isa = PBXShellScriptBuildPhase;
			buildActionMask = 2147483647;
			files = (
			);
			inputFileListPaths = (
			);
			inputPaths = (
				"${PODS_PODFILE_DIR_PATH}/Podfile.lock",
				"${PODS_ROOT}/Manifest.lock",
			);
			name = "[CP] Check Pods Manifest.lock";
			outputFileListPaths = (
			);
			outputPaths = (
				"$(DERIVED_FILE_DIR)/Pods-FBLASuperManagerUITests-checkManifestLockResult.txt",
			);
			runOnlyForDeploymentPostprocessing = 0;
			shellPath = /bin/sh;
			shellScript = "diff \"${PODS_PODFILE_DIR_PATH}/Podfile.lock\" \"${PODS_ROOT}/Manifest.lock\" > /dev/null\nif [ $? != 0 ] ; then\n    # print error to STDERR\n    echo \"error: The sandbox is not in sync with the Podfile.lock. Run 'pod install' or update your CocoaPods installation.\" >&2\n    exit 1\nfi\n# This output is used by Xcode 'outputs' to avoid re-running this script phase.\necho \"SUCCESS\" > \"${SCRIPT_OUTPUT_FILE_0}\"\n";
			showEnvVarsInLog = 0;
		};
		EEAA97BD3A79AFA02D67D18F /* [CP] Embed Pods Frameworks */ = {
			isa = PBXShellScriptBuildPhase;
			buildActionMask = 2147483647;
			files = (
			);
			inputFileListPaths = (
				"${PODS_ROOT}/Target Support Files/Pods-FBLASuperManager/Pods-FBLASuperManager-frameworks-${CONFIGURATION}-input-files.xcfilelist",
			);
			name = "[CP] Embed Pods Frameworks";
			outputFileListPaths = (
				"${PODS_ROOT}/Target Support Files/Pods-FBLASuperManager/Pods-FBLASuperManager-frameworks-${CONFIGURATION}-output-files.xcfilelist",
			);
			runOnlyForDeploymentPostprocessing = 0;
			shellPath = /bin/sh;
			shellScript = "\"${PODS_ROOT}/Target Support Files/Pods-FBLASuperManager/Pods-FBLASuperManager-frameworks.sh\"\n";
			showEnvVarsInLog = 0;
		};
/* End PBXShellScriptBuildPhase section */

/* Begin PBXSourcesBuildPhase section */
		4AA8D57723E8F3B00095CA6B /* Sources */ = {
			isa = PBXSourcesBuildPhase;
			buildActionMask = 2147483647;
			files = (
				4AA8D58323E8F3B00095CA6B /* ViewController.swift in Sources */,
				4AA8D57F23E8F3B00095CA6B /* AppDelegate.swift in Sources */,
				4AA8D58123E8F3B00095CA6B /* SceneDelegate.swift in Sources */,
			);
			runOnlyForDeploymentPostprocessing = 0;
		};
		4AA8D58D23E8F3B20095CA6B /* Sources */ = {
			isa = PBXSourcesBuildPhase;
			buildActionMask = 2147483647;
			files = (
				4AA8D59623E8F3B20095CA6B /* FBLASuperManagerTests.swift in Sources */,
			);
			runOnlyForDeploymentPostprocessing = 0;
		};
		4AA8D59823E8F3B20095CA6B /* Sources */ = {
			isa = PBXSourcesBuildPhase;
			buildActionMask = 2147483647;
			files = (
				4AA8D5A123E8F3B20095CA6B /* FBLASuperManagerUITests.swift in Sources */,
			);
			runOnlyForDeploymentPostprocessing = 0;
		};
/* End PBXSourcesBuildPhase section */

/* Begin PBXTargetDependency section */
		4AA8D59323E8F3B20095CA6B /* PBXTargetDependency */ = {
			isa = PBXTargetDependency;
			target = 4AA8D57A23E8F3B00095CA6B /* FBLASuperManager */;
			targetProxy = 4AA8D59223E8F3B20095CA6B /* PBXContainerItemProxy */;
		};
		4AA8D59E23E8F3B20095CA6B /* PBXTargetDependency */ = {
			isa = PBXTargetDependency;
			target = 4AA8D57A23E8F3B00095CA6B /* FBLASuperManager */;
			targetProxy = 4AA8D59D23E8F3B20095CA6B /* PBXContainerItemProxy */;
		};
/* End PBXTargetDependency section */

/* Begin PBXVariantGroup section */
		4AA8D58423E8F3B00095CA6B /* Main.storyboard */ = {
			isa = PBXVariantGroup;
			children = (
				4AA8D58523E8F3B00095CA6B /* Base */,
			);
			name = Main.storyboard;
			sourceTree = "<group>";
		};
		4AA8D58923E8F3B20095CA6B /* LaunchScreen.storyboard */ = {
			isa = PBXVariantGroup;
			children = (
				4AA8D58A23E8F3B20095CA6B /* Base */,
			);
			name = LaunchScreen.storyboard;
			sourceTree = "<group>";
		};
/* End PBXVariantGroup section */

/* Begin XCBuildConfiguration section */
		4AA8D5A323E8F3B30095CA6B /* Debug */ = {
			isa = XCBuildConfiguration;
			buildSettings = {
				ALWAYS_SEARCH_USER_PATHS = NO;
				CLANG_ANALYZER_NONNULL = YES;
				CLANG_ANALYZER_NUMBER_OBJECT_CONVERSION = YES_AGGRESSIVE;
				CLANG_CXX_LANGUAGE_STANDARD = "gnu++14";
				CLANG_CXX_LIBRARY = "libc++";
				CLANG_ENABLE_MODULES = YES;
				CLANG_ENABLE_OBJC_ARC = YES;
				CLANG_ENABLE_OBJC_WEAK = YES;
				CLANG_WARN_BLOCK_CAPTURE_AUTORELEASING = YES;
				CLANG_WARN_BOOL_CONVERSION = YES;
				CLANG_WARN_COMMA = YES;
				CLANG_WARN_CONSTANT_CONVERSION = YES;
				CLANG_WARN_DEPRECATED_OBJC_IMPLEMENTATIONS = YES;
				CLANG_WARN_DIRECT_OBJC_ISA_USAGE = YES_ERROR;
				CLANG_WARN_DOCUMENTATION_COMMENTS = YES;
				CLANG_WARN_EMPTY_BODY = YES;
				CLANG_WARN_ENUM_CONVERSION = YES;
				CLANG_WARN_INFINITE_RECURSION = YES;
				CLANG_WARN_INT_CONVERSION = YES;
				CLANG_WARN_NON_LITERAL_NULL_CONVERSION = YES;
				CLANG_WARN_OBJC_IMPLICIT_RETAIN_SELF = YES;
				CLANG_WARN_OBJC_LITERAL_CONVERSION = YES;
				CLANG_WARN_OBJC_ROOT_CLASS = YES_ERROR;
				CLANG_WARN_RANGE_LOOP_ANALYSIS = YES;
				CLANG_WARN_STRICT_PROTOTYPES = YES;
				CLANG_WARN_SUSPICIOUS_MOVE = YES;
				CLANG_WARN_UNGUARDED_AVAILABILITY = YES_AGGRESSIVE;
				CLANG_WARN_UNREACHABLE_CODE = YES;
				CLANG_WARN__DUPLICATE_METHOD_MATCH = YES;
				COPY_PHASE_STRIP = NO;
				DEBUG_INFORMATION_FORMAT = dwarf;
				ENABLE_STRICT_OBJC_MSGSEND = YES;
				ENABLE_TESTABILITY = YES;
				GCC_C_LANGUAGE_STANDARD = gnu11;
				GCC_DYNAMIC_NO_PIC = NO;
				GCC_NO_COMMON_BLOCKS = YES;
				GCC_OPTIMIZATION_LEVEL = 0;
				GCC_PREPROCESSOR_DEFINITIONS = (
					"DEBUG=1",
					"$(inherited)",
				);
				GCC_WARN_64_TO_32_BIT_CONVERSION = YES;
				GCC_WARN_ABOUT_RETURN_TYPE = YES_ERROR;
				GCC_WARN_UNDECLARED_SELECTOR = YES;
				GCC_WARN_UNINITIALIZED_AUTOS = YES_AGGRESSIVE;
				GCC_WARN_UNUSED_FUNCTION = YES;
				GCC_WARN_UNUSED_VARIABLE = YES;
				IPHONEOS_DEPLOYMENT_TARGET = 13.2;
				MTL_ENABLE_DEBUG_INFO = INCLUDE_SOURCE;
				MTL_FAST_MATH = YES;
				ONLY_ACTIVE_ARCH = YES;
				SDKROOT = iphoneos;
				SWIFT_ACTIVE_COMPILATION_CONDITIONS = DEBUG;
				SWIFT_OPTIMIZATION_LEVEL = "-Onone";
			};
			name = Debug;
		};
		4AA8D5A423E8F3B30095CA6B /* Release */ = {
			isa = XCBuildConfiguration;
			buildSettings = {
				ALWAYS_SEARCH_USER_PATHS = NO;
				CLANG_ANALYZER_NONNULL = YES;
				CLANG_ANALYZER_NUMBER_OBJECT_CONVERSION = YES_AGGRESSIVE;
				CLANG_CXX_LANGUAGE_STANDARD = "gnu++14";
				CLANG_CXX_LIBRARY = "libc++";
				CLANG_ENABLE_MODULES = YES;
				CLANG_ENABLE_OBJC_ARC = YES;
				CLANG_ENABLE_OBJC_WEAK = YES;
				CLANG_WARN_BLOCK_CAPTURE_AUTORELEASING = YES;
				CLANG_WARN_BOOL_CONVERSION = YES;
				CLANG_WARN_COMMA = YES;
				CLANG_WARN_CONSTANT_CONVERSION = YES;
				CLANG_WARN_DEPRECATED_OBJC_IMPLEMENTATIONS = YES;
				CLANG_WARN_DIRECT_OBJC_ISA_USAGE = YES_ERROR;
				CLANG_WARN_DOCUMENTATION_COMMENTS = YES;
				CLANG_WARN_EMPTY_BODY = YES;
				CLANG_WARN_ENUM_CONVERSION = YES;
				CLANG_WARN_INFINITE_RECURSION = YES;
				CLANG_WARN_INT_CONVERSION = YES;
				CLANG_WARN_NON_LITERAL_NULL_CONVERSION = YES;
				CLANG_WARN_OBJC_IMPLICIT_RETAIN_SELF = YES;
				CLANG_WARN_OBJC_LITERAL_CONVERSION = YES;
				CLANG_WARN_OBJC_ROOT_CLASS = YES_ERROR;
				CLANG_WARN_RANGE_LOOP_ANALYSIS = YES;
				CLANG_WARN_STRICT_PROTOTYPES = YES;
				CLANG_WARN_SUSPICIOUS_MOVE = YES;
				CLANG_WARN_UNGUARDED_AVAILABILITY = YES_AGGRESSIVE;
				CLANG_WARN_UNREACHABLE_CODE = YES;
				CLANG_WARN__DUPLICATE_METHOD_MATCH = YES;
				COPY_PHASE_STRIP = NO;
				DEBUG_INFORMATION_FORMAT = "dwarf-with-dsym";
				ENABLE_NS_ASSERTIONS = NO;
				ENABLE_STRICT_OBJC_MSGSEND = YES;
				GCC_C_LANGUAGE_STANDARD = gnu11;
				GCC_NO_COMMON_BLOCKS = YES;
				GCC_WARN_64_TO_32_BIT_CONVERSION = YES;
				GCC_WARN_ABOUT_RETURN_TYPE = YES_ERROR;
				GCC_WARN_UNDECLARED_SELECTOR = YES;
				GCC_WARN_UNINITIALIZED_AUTOS = YES_AGGRESSIVE;
				GCC_WARN_UNUSED_FUNCTION = YES;
				GCC_WARN_UNUSED_VARIABLE = YES;
				IPHONEOS_DEPLOYMENT_TARGET = 13.2;
				MTL_ENABLE_DEBUG_INFO = NO;
				MTL_FAST_MATH = YES;
				SDKROOT = iphoneos;
				SWIFT_COMPILATION_MODE = wholemodule;
				SWIFT_OPTIMIZATION_LEVEL = "-O";
				VALIDATE_PRODUCT = YES;
			};
			name = Release;
		};
		4AA8D5A623E8F3B30095CA6B /* Debug */ = {
			isa = XCBuildConfiguration;
			baseConfigurationReference = 7DC0DF32AB7E75B6C8FD413E /* Pods-FBLASuperManager.debug.xcconfig */;
			buildSettings = {
				ASSETCATALOG_COMPILER_APPICON_NAME = AppIcon;
				CODE_SIGN_STYLE = Automatic;
				INFOPLIST_FILE = FBLASuperManager/Info.plist;
				LD_RUNPATH_SEARCH_PATHS = (
					"$(inherited)",
					"@executable_path/Frameworks",
				);
				PRODUCT_BUNDLE_IDENTIFIER = mVemuri.FBLASuperManager;
				PRODUCT_NAME = "$(TARGET_NAME)";
				SWIFT_VERSION = 5.0;
				TARGETED_DEVICE_FAMILY = "1,2";
			};
			name = Debug;
		};
		4AA8D5A723E8F3B30095CA6B /* Release */ = {
			isa = XCBuildConfiguration;
			baseConfigurationReference = ECFCDCE92036181D1B36EF37 /* Pods-FBLASuperManager.release.xcconfig */;
			buildSettings = {
				ASSETCATALOG_COMPILER_APPICON_NAME = AppIcon;
				CODE_SIGN_STYLE = Automatic;
				INFOPLIST_FILE = FBLASuperManager/Info.plist;
				LD_RUNPATH_SEARCH_PATHS = (
					"$(inherited)",
					"@executable_path/Frameworks",
				);
				PRODUCT_BUNDLE_IDENTIFIER = mVemuri.FBLASuperManager;
				PRODUCT_NAME = "$(TARGET_NAME)";
				SWIFT_VERSION = 5.0;
				TARGETED_DEVICE_FAMILY = "1,2";
			};
			name = Release;
		};
		4AA8D5A923E8F3B30095CA6B /* Debug */ = {
			isa = XCBuildConfiguration;
			baseConfigurationReference = 14489ABEEA36C6968749C80A /* Pods-FBLASuperManagerTests.debug.xcconfig */;
			buildSettings = {
				ALWAYS_EMBED_SWIFT_STANDARD_LIBRARIES = YES;
				BUNDLE_LOADER = "$(TEST_HOST)";
				CODE_SIGN_STYLE = Automatic;
				INFOPLIST_FILE = FBLASuperManagerTests/Info.plist;
				IPHONEOS_DEPLOYMENT_TARGET = 13.2;
				LD_RUNPATH_SEARCH_PATHS = (
					"$(inherited)",
					"@executable_path/Frameworks",
					"@loader_path/Frameworks",
				);
				PRODUCT_BUNDLE_IDENTIFIER = mVemuri.FBLASuperManagerTests;
				PRODUCT_NAME = "$(TARGET_NAME)";
				SWIFT_VERSION = 5.0;
				TARGETED_DEVICE_FAMILY = "1,2";
				TEST_HOST = "$(BUILT_PRODUCTS_DIR)/FBLASuperManager.app/FBLASuperManager";
			};
			name = Debug;
		};
		4AA8D5AA23E8F3B30095CA6B /* Release */ = {
			isa = XCBuildConfiguration;
			baseConfigurationReference = 1A05228516DF951A62574597 /* Pods-FBLASuperManagerTests.release.xcconfig */;
			buildSettings = {
				ALWAYS_EMBED_SWIFT_STANDARD_LIBRARIES = YES;
				BUNDLE_LOADER = "$(TEST_HOST)";
				CODE_SIGN_STYLE = Automatic;
				INFOPLIST_FILE = FBLASuperManagerTests/Info.plist;
				IPHONEOS_DEPLOYMENT_TARGET = 13.2;
				LD_RUNPATH_SEARCH_PATHS = (
					"$(inherited)",
					"@executable_path/Frameworks",
					"@loader_path/Frameworks",
				);
				PRODUCT_BUNDLE_IDENTIFIER = mVemuri.FBLASuperManagerTests;
				PRODUCT_NAME = "$(TARGET_NAME)";
				SWIFT_VERSION = 5.0;
				TARGETED_DEVICE_FAMILY = "1,2";
				TEST_HOST = "$(BUILT_PRODUCTS_DIR)/FBLASuperManager.app/FBLASuperManager";
			};
			name = Release;
		};
		4AA8D5AC23E8F3B30095CA6B /* Debug */ = {
			isa = XCBuildConfiguration;
			baseConfigurationReference = 92AD059C1D69E499EC6931D7 /* Pods-FBLASuperManagerUITests.debug.xcconfig */;
			buildSettings = {
				ALWAYS_EMBED_SWIFT_STANDARD_LIBRARIES = YES;
				CODE_SIGN_STYLE = Automatic;
				INFOPLIST_FILE = FBLASuperManagerUITests/Info.plist;
				LD_RUNPATH_SEARCH_PATHS = (
					"$(inherited)",
					"@executable_path/Frameworks",
					"@loader_path/Frameworks",
				);
				PRODUCT_BUNDLE_IDENTIFIER = mVemuri.FBLASuperManagerUITests;
				PRODUCT_NAME = "$(TARGET_NAME)";
				SWIFT_VERSION = 5.0;
				TARGETED_DEVICE_FAMILY = "1,2";
				TEST_TARGET_NAME = FBLASuperManager;
			};
			name = Debug;
		};
		4AA8D5AD23E8F3B30095CA6B /* Release */ = {
			isa = XCBuildConfiguration;
			baseConfigurationReference = FB3B9EABD0300A2832DF5FF4 /* Pods-FBLASuperManagerUITests.release.xcconfig */;
			buildSettings = {
				ALWAYS_EMBED_SWIFT_STANDARD_LIBRARIES = YES;
				CODE_SIGN_STYLE = Automatic;
				INFOPLIST_FILE = FBLASuperManagerUITests/Info.plist;
				LD_RUNPATH_SEARCH_PATHS = (
					"$(inherited)",
					"@executable_path/Frameworks",
					"@loader_path/Frameworks",
				);
				PRODUCT_BUNDLE_IDENTIFIER = mVemuri.FBLASuperManagerUITests;
				PRODUCT_NAME = "$(TARGET_NAME)";
				SWIFT_VERSION = 5.0;
				TARGETED_DEVICE_FAMILY = "1,2";
				TEST_TARGET_NAME = FBLASuperManager;
			};
			name = Release;
		};
/* End XCBuildConfiguration section */

/* Begin XCConfigurationList section */
		4AA8D57623E8F3B00095CA6B /* Build configuration list for PBXProject "FBLASuperManager" */ = {
			isa = XCConfigurationList;
			buildConfigurations = (
				4AA8D5A323E8F3B30095CA6B /* Debug */,
				4AA8D5A423E8F3B30095CA6B /* Release */,
			);
			defaultConfigurationIsVisible = 0;
			defaultConfigurationName = Release;
		};
		4AA8D5A523E8F3B30095CA6B /* Build configuration list for PBXNativeTarget "FBLASuperManager" */ = {
			isa = XCConfigurationList;
			buildConfigurations = (
				4AA8D5A623E8F3B30095CA6B /* Debug */,
				4AA8D5A723E8F3B30095CA6B /* Release */,
			);
			defaultConfigurationIsVisible = 0;
			defaultConfigurationName = Release;
		};
		4AA8D5A823E8F3B30095CA6B /* Build configuration list for PBXNativeTarget "FBLASuperManagerTests" */ = {
			isa = XCConfigurationList;
			buildConfigurations = (
				4AA8D5A923E8F3B30095CA6B /* Debug */,
				4AA8D5AA23E8F3B30095CA6B /* Release */,
			);
			defaultConfigurationIsVisible = 0;
			defaultConfigurationName = Release;
		};
		4AA8D5AB23E8F3B30095CA6B /* Build configuration list for PBXNativeTarget "FBLASuperManagerUITests" */ = {
			isa = XCConfigurationList;
			buildConfigurations = (
				4AA8D5AC23E8F3B30095CA6B /* Debug */,
				4AA8D5AD23E8F3B30095CA6B /* Release */,
			);
			defaultConfigurationIsVisible = 0;
			defaultConfigurationName = Release;
		};
/* End XCConfigurationList section */
	};
	rootObject = 4AA8D57323E8F3B00095CA6B /* Project object */;
}
